// !$*UTF8*$!
{
	archiveVersion = 1;
	classes = {
	};
	objectVersion = 46;
	objects = {

/* Begin PBXBuildFile section */
		45340C751A0ACC7B00368F75 /* CloudKit.framework in Frameworks */ = {isa = PBXBuildFile; fileRef = 45340C741A0ACC7B00368F75 /* CloudKit.framework */; };
		45340C791A0AD69B00368F75 /* ReminderTableViewController.swift in Sources */ = {isa = PBXBuildFile; fileRef = 45340C781A0AD69B00368F75 /* ReminderTableViewController.swift */; };
		45F338E41A082CC400606138 /* AppDelegate.swift in Sources */ = {isa = PBXBuildFile; fileRef = 45F338E31A082CC400606138 /* AppDelegate.swift */; };
		45F338E71A082CC400606138 /* MapKit.xcdatamodeld in Sources */ = {isa = PBXBuildFile; fileRef = 45F338E51A082CC400606138 /* MapKit.xcdatamodeld */; };
		45F338E91A082CC400606138 /* ViewController.swift in Sources */ = {isa = PBXBuildFile; fileRef = 45F338E81A082CC400606138 /* ViewController.swift */; };
		45F338EC1A082CC400606138 /* Main.storyboard in Resources */ = {isa = PBXBuildFile; fileRef = 45F338EA1A082CC400606138 /* Main.storyboard */; };
		45F338EE1A082CC400606138 /* Images.xcassets in Resources */ = {isa = PBXBuildFile; fileRef = 45F338ED1A082CC400606138 /* Images.xcassets */; };
		45F338F11A082CC400606138 /* LaunchScreen.xib in Resources */ = {isa = PBXBuildFile; fileRef = 45F338EF1A082CC400606138 /* LaunchScreen.xib */; };
		45F338FD1A082CC400606138 /* MapKitTests.swift in Sources */ = {isa = PBXBuildFile; fileRef = 45F338FC1A082CC400606138 /* MapKitTests.swift */; };
		45F339071A082CCE00606138 /* MapKit.framework in Frameworks */ = {isa = PBXBuildFile; fileRef = 45F339061A082CCE00606138 /* MapKit.framework */; };
		45F339091A08669500606138 /* AddReminderViewController.swift in Sources */ = {isa = PBXBuildFile; fileRef = 45F339081A08669500606138 /* AddReminderViewController.swift */; };
		45F3390D1A0A14F900606138 /* Reminder.swift in Sources */ = {isa = PBXBuildFile; fileRef = 45F3390C1A0A14F900606138 /* Reminder.swift */; };
/* End PBXBuildFile section */

/* Begin PBXContainerItemProxy section */
		45F338F71A082CC400606138 /* PBXContainerItemProxy */ = {
			isa = PBXContainerItemProxy;
			containerPortal = 45F338D61A082CC400606138 /* Project object */;
			proxyType = 1;
			remoteGlobalIDString = 45F338DD1A082CC400606138;
			remoteInfo = MapKit;
		};
/* End PBXContainerItemProxy section */

/* Begin PBXFileReference section */
		45340C731A0ACC7000368F75 /* MapKit.entitlements */ = {isa = PBXFileReference; lastKnownFileType = text.xml; path = MapKit.entitlements; sourceTree = "<group>"; };
		45340C741A0ACC7B00368F75 /* CloudKit.framework */ = {isa = PBXFileReference; lastKnownFileType = wrapper.framework; name = CloudKit.framework; path = System/Library/Frameworks/CloudKit.framework; sourceTree = SDKROOT; };
		45340C781A0AD69B00368F75 /* ReminderTableViewController.swift */ = {isa = PBXFileReference; fileEncoding = 4; lastKnownFileType = sourcecode.swift; path = ReminderTableViewController.swift; sourceTree = "<group>"; };
		45F338DE1A082CC400606138 /* MapKit.app */ = {isa = PBXFileReference; explicitFileType = wrapper.application; includeInIndex = 0; path = MapKit.app; sourceTree = BUILT_PRODUCTS_DIR; };
		45F338E21A082CC400606138 /* Info.plist */ = {isa = PBXFileReference; lastKnownFileType = text.plist.xml; path = Info.plist; sourceTree = "<group>"; };
		45F338E31A082CC400606138 /* AppDelegate.swift */ = {isa = PBXFileReference; lastKnownFileType = sourcecode.swift; path = AppDelegate.swift; sourceTree = "<group>"; };
		45F338E61A082CC400606138 /* MapKit.xcdatamodel */ = {isa = PBXFileReference; lastKnownFileType = wrapper.xcdatamodel; path = MapKit.xcdatamodel; sourceTree = "<group>"; };
		45F338E81A082CC400606138 /* ViewController.swift */ = {isa = PBXFileReference; lastKnownFileType = sourcecode.swift; path = ViewController.swift; sourceTree = "<group>"; };
		45F338EB1A082CC400606138 /* Base */ = {isa = PBXFileReference; lastKnownFileType = file.storyboard; name = Base; path = Base.lproj/Main.storyboard; sourceTree = "<group>"; };
		45F338ED1A082CC400606138 /* Images.xcassets */ = {isa = PBXFileReference; lastKnownFileType = folder.assetcatalog; path = Images.xcassets; sourceTree = "<group>"; };
		45F338F01A082CC400606138 /* Base */ = {isa = PBXFileReference; lastKnownFileType = file.xib; name = Base; path = Base.lproj/LaunchScreen.xib; sourceTree = "<group>"; };
		45F338F61A082CC400606138 /* MapKitTests.xctest */ = {isa = PBXFileReference; explicitFileType = wrapper.cfbundle; includeInIndex = 0; path = MapKitTests.xctest; sourceTree = BUILT_PRODUCTS_DIR; };
		45F338FB1A082CC400606138 /* Info.plist */ = {isa = PBXFileReference; lastKnownFileType = text.plist.xml; path = Info.plist; sourceTree = "<group>"; };
		45F338FC1A082CC400606138 /* MapKitTests.swift */ = {isa = PBXFileReference; lastKnownFileType = sourcecode.swift; path = MapKitTests.swift; sourceTree = "<group>"; };
		45F339061A082CCE00606138 /* MapKit.framework */ = {isa = PBXFileReference; lastKnownFileType = wrapper.framework; name = MapKit.framework; path = System/Library/Frameworks/MapKit.framework; sourceTree = SDKROOT; };
		45F339081A08669500606138 /* AddReminderViewController.swift */ = {isa = PBXFileReference; fileEncoding = 4; lastKnownFileType = sourcecode.swift; path = AddReminderViewController.swift; sourceTree = "<group>"; };
		45F3390C1A0A14F900606138 /* Reminder.swift */ = {isa = PBXFileReference; fileEncoding = 4; lastKnownFileType = sourcecode.swift; path = Reminder.swift; sourceTree = "<group>"; };
/* End PBXFileReference section */

/* Begin PBXFrameworksBuildPhase section */
		45F338DB1A082CC400606138 /* Frameworks */ = {
			isa = PBXFrameworksBuildPhase;
			buildActionMask = 2147483647;
			files = (
				45F339071A082CCE00606138 /* MapKit.framework in Frameworks */,
				45340C751A0ACC7B00368F75 /* CloudKit.framework in Frameworks */,
			);
			runOnlyForDeploymentPostprocessing = 0;
		};
		45F338F31A082CC400606138 /* Frameworks */ = {
			isa = PBXFrameworksBuildPhase;
			buildActionMask = 2147483647;
			files = (
			);
			runOnlyForDeploymentPostprocessing = 0;
		};
/* End PBXFrameworksBuildPhase section */

/* Begin PBXGroup section */
		45F338D51A082CC400606138 = {
			isa = PBXGroup;
			children = (
				45340C741A0ACC7B00368F75 /* CloudKit.framework */,
				45F339061A082CCE00606138 /* MapKit.framework */,
				45F338E01A082CC400606138 /* MapKit */,
				45F338F91A082CC400606138 /* MapKitTests */,
				45F338DF1A082CC400606138 /* Products */,
			);
			sourceTree = "<group>";
		};
		45F338DF1A082CC400606138 /* Products */ = {
			isa = PBXGroup;
			children = (
				45F338DE1A082CC400606138 /* MapKit.app */,
				45F338F61A082CC400606138 /* MapKitTests.xctest */,
			);
			name = Products;
			sourceTree = "<group>";
		};
		45F338E01A082CC400606138 /* MapKit */ = {
			isa = PBXGroup;
			children = (
				45340C731A0ACC7000368F75 /* MapKit.entitlements */,
				45F338E31A082CC400606138 /* AppDelegate.swift */,
				45F338E81A082CC400606138 /* ViewController.swift */,
				45F339081A08669500606138 /* AddReminderViewController.swift */,
				45340C781A0AD69B00368F75 /* ReminderTableViewController.swift */,
				45F338EA1A082CC400606138 /* Main.storyboard */,
				45F338ED1A082CC400606138 /* Images.xcassets */,
				45F338EF1A082CC400606138 /* LaunchScreen.xib */,
				45F338E51A082CC400606138 /* MapKit.xcdatamodeld */,
				45F3390C1A0A14F900606138 /* Reminder.swift */,
				45F338E11A082CC400606138 /* Supporting Files */,
			);
			path = MapKit;
			sourceTree = "<group>";
		};
		45F338E11A082CC400606138 /* Supporting Files */ = {
			isa = PBXGroup;
			children = (
				45F338E21A082CC400606138 /* Info.plist */,
			);
			name = "Supporting Files";
			sourceTree = "<group>";
		};
		45F338F91A082CC400606138 /* MapKitTests */ = {
			isa = PBXGroup;
			children = (
				45F338FC1A082CC400606138 /* MapKitTests.swift */,
				45F338FA1A082CC400606138 /* Supporting Files */,
			);
			path = MapKitTests;
			sourceTree = "<group>";
		};
		45F338FA1A082CC400606138 /* Supporting Files */ = {
			isa = PBXGroup;
			children = (
				45F338FB1A082CC400606138 /* Info.plist */,
			);
			name = "Supporting Files";
			sourceTree = "<group>";
		};
/* End PBXGroup section */

/* Begin PBXNativeTarget section */
		45F338DD1A082CC400606138 /* MapKit */ = {
			isa = PBXNativeTarget;
			buildConfigurationList = 45F339001A082CC400606138 /* Build configuration list for PBXNativeTarget "MapKit" */;
			buildPhases = (
				45F338DA1A082CC400606138 /* Sources */,
				45F338DB1A082CC400606138 /* Frameworks */,
				45F338DC1A082CC400606138 /* Resources */,
			);
			buildRules = (
			);
			dependencies = (
			);
			name = MapKit;
			productName = MapKit;
			productReference = 45F338DE1A082CC400606138 /* MapKit.app */;
			productType = "com.apple.product-type.application";
		};
		45F338F51A082CC400606138 /* MapKitTests */ = {
			isa = PBXNativeTarget;
			buildConfigurationList = 45F339031A082CC400606138 /* Build configuration list for PBXNativeTarget "MapKitTests" */;
			buildPhases = (
				45F338F21A082CC400606138 /* Sources */,
				45F338F31A082CC400606138 /* Frameworks */,
				45F338F41A082CC400606138 /* Resources */,
			);
			buildRules = (
			);
			dependencies = (
				45F338F81A082CC400606138 /* PBXTargetDependency */,
			);
			name = MapKitTests;
			productName = MapKitTests;
			productReference = 45F338F61A082CC400606138 /* MapKitTests.xctest */;
			productType = "com.apple.product-type.bundle.unit-test";
		};
/* End PBXNativeTarget section */

/* Begin PBXProject section */
		45F338D61A082CC400606138 /* Project object */ = {
			isa = PBXProject;
			attributes = {
				LastUpgradeCheck = 0610;
				ORGANIZATIONNAME = "Brian Mendez";
				TargetAttributes = {
					45F338DD1A082CC400606138 = {
						CreatedOnToolsVersion = 6.1;
						DevelopmentTeam = 73PDWDYKS8;
						SystemCapabilities = {
							com.apple.Maps.iOS = {
								enabled = 1;
							};
							com.apple.iCloud = {
								enabled = 1;
							};
						};
					};
					45F338F51A082CC400606138 = {
						CreatedOnToolsVersion = 6.1;
						TestTargetID = 45F338DD1A082CC400606138;
					};
				};
			};
			buildConfigurationList = 45F338D91A082CC400606138 /* Build configuration list for PBXProject "MapKit" */;
			compatibilityVersion = "Xcode 3.2";
			developmentRegion = English;
			hasScannedForEncodings = 0;
			knownRegions = (
				en,
				Base,
			);
			mainGroup = 45F338D51A082CC400606138;
			productRefGroup = 45F338DF1A082CC400606138 /* Products */;
			projectDirPath = "";
			projectRoot = "";
			targets = (
				45F338DD1A082CC400606138 /* MapKit */,
				45F338F51A082CC400606138 /* MapKitTests */,
			);
		};
/* End PBXProject section */

/* Begin PBXResourcesBuildPhase section */
		45F338DC1A082CC400606138 /* Resources */ = {
			isa = PBXResourcesBuildPhase;
			buildActionMask = 2147483647;
			files = (
				45F338EC1A082CC400606138 /* Main.storyboard in Resources */,
				45F338F11A082CC400606138 /* LaunchScreen.xib in Resources */,
				45F338EE1A082CC400606138 /* Images.xcassets in Resources */,
			);
			runOnlyForDeploymentPostprocessing = 0;
		};
		45F338F41A082CC400606138 /* Resources */ = {
			isa = PBXResourcesBuildPhase;
			buildActionMask = 2147483647;
			files = (
			);
			runOnlyForDeploymentPostprocessing = 0;
		};
/* End PBXResourcesBuildPhase section */

/* Begin PBXSourcesBuildPhase section */
		45F338DA1A082CC400606138 /* Sources */ = {
			isa = PBXSourcesBuildPhase;
			buildActionMask = 2147483647;
			files = (
				45F339091A08669500606138 /* AddReminderViewController.swift in Sources */,
				45F338E91A082CC400606138 /* ViewController.swift in Sources */,
				45F338E41A082CC400606138 /* AppDelegate.swift in Sources */,
				45F338E71A082CC400606138 /* MapKit.xcdatamodeld in Sources */,
				45F3390D1A0A14F900606138 /* Reminder.swift in Sources */,
				45340C791A0AD69B00368F75 /* ReminderTableViewController.swift in Sources */,
			);
			runOnlyForDeploymentPostprocessing = 0;
		};
		45F338F21A082CC400606138 /* Sources */ = {
			isa = PBXSourcesBuildPhase;
			buildActionMask = 2147483647;
			files = (
				45F338FD1A082CC400606138 /* MapKitTests.swift in Sources */,
			);
			runOnlyForDeploymentPostprocessing = 0;
		};
/* End PBXSourcesBuildPhase section */

/* Begin PBXTargetDependency section */
		45F338F81A082CC400606138 /* PBXTargetDependency */ = {
			isa = PBXTargetDependency;
			target = 45F338DD1A082CC400606138 /* MapKit */;
			targetProxy = 45F338F71A082CC400606138 /* PBXContainerItemProxy */;
		};
/* End PBXTargetDependency section */

/* Begin PBXVariantGroup section */
		45F338EA1A082CC400606138 /* Main.storyboard */ = {
			isa = PBXVariantGroup;
			children = (
				45F338EB1A082CC400606138 /* Base */,
			);
			name = Main.storyboard;
			sourceTree = "<group>";
		};
		45F338EF1A082CC400606138 /* LaunchScreen.xib */ = {
			isa = PBXVariantGroup;
			children = (
				45F338F01A082CC400606138 /* Base */,
			);
			name = LaunchScreen.xib;
			sourceTree = "<group>";
		};
/* End PBXVariantGroup section */

/* Begin XCBuildConfiguration section */
		45F338FE1A082CC400606138 /* Debug */ = {
			isa = XCBuildConfiguration;
			buildSettings = {
				ALWAYS_SEARCH_USER_PATHS = NO;
				CLANG_CXX_LANGUAGE_STANDARD = "gnu++0x";
				CLANG_CXX_LIBRARY = "libc++";
				CLANG_ENABLE_MODULES = YES;
				CLANG_ENABLE_OBJC_ARC = YES;
				CLANG_WARN_BOOL_CONVERSION = YES;
				CLANG_WARN_CONSTANT_CONVERSION = YES;
				CLANG_WARN_DIRECT_OBJC_ISA_USAGE = YES_ERROR;
				CLANG_WARN_EMPTY_BODY = YES;
				CLANG_WARN_ENUM_CONVERSION = YES;
				CLANG_WARN_INT_CONVERSION = YES;
				CLANG_WARN_OBJC_ROOT_CLASS = YES_ERROR;
				CLANG_WARN_UNREACHABLE_CODE = YES;
				CLANG_WARN__DUPLICATE_METHOD_MATCH = YES;
				"CODE_SIGN_IDENTITY[sdk=iphoneos*]" = "iPhone Developer";
				COPY_PHASE_STRIP = NO;
				ENABLE_STRICT_OBJC_MSGSEND = YES;
				GCC_C_LANGUAGE_STANDARD = gnu99;
				GCC_DYNAMIC_NO_PIC = NO;
				GCC_OPTIMIZATION_LEVEL = 0;
				GCC_PREPROCESSOR_DEFINITIONS = (
					"DEBUG=1",
					"$(inherited)",
				);
				GCC_SYMBOLS_PRIVATE_EXTERN = NO;
				GCC_WARN_64_TO_32_BIT_CONVERSION = YES;
				GCC_WARN_ABOUT_RETURN_TYPE = YES_ERROR;
				GCC_WARN_UNDECLARED_SELECTOR = YES;
				GCC_WARN_UNINITIALIZED_AUTOS = YES_AGGRESSIVE;
				GCC_WARN_UNUSED_FUNCTION = YES;
				GCC_WARN_UNUSED_VARIABLE = YES;
				IPHONEOS_DEPLOYMENT_TARGET = 8.1;
				MTL_ENABLE_DEBUG_INFO = YES;
				ONLY_ACTIVE_ARCH = YES;
				SDKROOT = iphoneos;
				SWIFT_OPTIMIZATION_LEVEL = "-Onone";
				TARGETED_DEVICE_FAMILY = "1,2";
			};
			name = Debug;
		};
		45F338FF1A082CC400606138 /* Release */ = {
			isa = XCBuildConfiguration;
			buildSettings = {
				ALWAYS_SEARCH_USER_PATHS = NO;
				CLANG_CXX_LANGUAGE_STANDARD = "gnu++0x";
				CLANG_CXX_LIBRARY = "libc++";
				CLANG_ENABLE_MODULES = YES;
				CLANG_ENABLE_OBJC_ARC = YES;
				CLANG_WARN_BOOL_CONVERSION = YES;
				CLANG_WARN_CONSTANT_CONVERSION = YES;
				CLANG_WARN_DIRECT_OBJC_ISA_USAGE = YES_ERROR;
				CLANG_WARN_EMPTY_BODY = YES;
				CLANG_WARN_ENUM_CONVERSION = YES;
				CLANG_WARN_INT_CONVERSION = YES;
				CLANG_WARN_OBJC_ROOT_CLASS = YES_ERROR;
				CLANG_WARN_UNREACHABLE_CODE = YES;
				CLANG_WARN__DUPLICATE_METHOD_MATCH = YES;
				"CODE_SIGN_IDENTITY[sdk=iphoneos*]" = "iPhone Developer";
				COPY_PHASE_STRIP = YES;
				ENABLE_NS_ASSERTIONS = NO;
				ENABLE_STRICT_OBJC_MSGSEND = YES;
				GCC_C_LANGUAGE_STANDARD = gnu99;
				GCC_WARN_64_TO_32_BIT_CONVERSION = YES;
				GCC_WARN_ABOUT_RETURN_TYPE = YES_ERROR;
				GCC_WARN_UNDECLARED_SELECTOR = YES;
				GCC_WARN_UNINITIALIZED_AUTOS = YES_AGGRESSIVE;
				GCC_WARN_UNUSED_FUNCTION = YES;
				GCC_WARN_UNUSED_VARIABLE = YES;
				IPHONEOS_DEPLOYMENT_TARGET = 8.1;
				MTL_ENABLE_DEBUG_INFO = NO;
				SDKROOT = iphoneos;
				TARGETED_DEVICE_FAMILY = "1,2";
				VALIDATE_PRODUCT = YES;
			};
			name = Release;
		};
		45F339011A082CC400606138 /* Debug */ = {
			isa = XCBuildConfiguration;
			buildSettings = {
				ASSETCATALOG_COMPILER_APPICON_NAME = AppIcon;
				CODE_SIGN_ENTITLEMENTS = MapKit/MapKit.entitlements;
				CODE_SIGN_IDENTITY = "iPhone Developer";
				"CODE_SIGN_IDENTITY[sdk=iphoneos*]" = "iPhone Developer";
				INFOPLIST_FILE = MapKit/Info.plist;
				IPHONEOS_DEPLOYMENT_TARGET = 8.0;
				LD_RUNPATH_SEARCH_PATHS = "$(inherited) @executable_path/Frameworks";
				PRODUCT_NAME = "$(TARGET_NAME)";
				PROVISIONING_PROFILE = "";
			};
			name = Debug;
		};
		45F339021A082CC400606138 /* Release */ = {
			isa = XCBuildConfiguration;
			buildSettings = {
				ASSETCATALOG_COMPILER_APPICON_NAME = AppIcon;
				CODE_SIGN_ENTITLEMENTS = MapKit/MapKit.entitlements;
				CODE_SIGN_IDENTITY = "iPhone Developer";
				"CODE_SIGN_IDENTITY[sdk=iphoneos*]" = "iPhone Developer";
				INFOPLIST_FILE = MapKit/Info.plist;
				IPHONEOS_DEPLOYMENT_TARGET = 8.0;
				LD_RUNPATH_SEARCH_PATHS = "$(inherited) @executable_path/Frameworks";
				PRODUCT_NAME = "$(TARGET_NAME)";
				PROVISIONING_PROFILE = "";
			};
			name = Release;
		};
		45F339041A082CC400606138 /* Debug */ = {
			isa = XCBuildConfiguration;
			buildSettings = {
				BUNDLE_LOADER = "$(TEST_HOST)";
				FRAMEWORK_SEARCH_PATHS = (
					"$(SDKROOT)/Developer/Library/Frameworks",
					"$(inherited)",
				);
				GCC_PREPROCESSOR_DEFINITIONS = (
					"DEBUG=1",
					"$(inherited)",
				);
				INFOPLIST_FILE = MapKitTests/Info.plist;
				LD_RUNPATH_SEARCH_PATHS = "$(inherited) @executable_path/Frameworks @loader_path/Frameworks";
				PRODUCT_NAME = "$(TARGET_NAME)";
				TEST_HOST = "$(BUILT_PRODUCTS_DIR)/MapKit.app/MapKit";
			};
			name = Debug;
		};
		45F339051A082CC400606138 /* Release */ = {
			isa = XCBuildConfiguration;
			buildSettings = {
				BUNDLE_LOADER = "$(TEST_HOST)";
				FRAMEWORK_SEARCH_PATHS = (
					"$(SDKROOT)/Developer/Library/Frameworks",
					"$(inherited)",
				);
				INFOPLIST_FILE = MapKitTests/Info.plist;
				LD_RUNPATH_SEARCH_PATHS = "$(inherited) @executable_path/Frameworks @loader_path/Frameworks";
				PRODUCT_NAME = "$(TARGET_NAME)";
				TEST_HOST = "$(BUILT_PRODUCTS_DIR)/MapKit.app/MapKit";
			};
			name = Release;
		};
/* End XCBuildConfiguration section */

/* Begin XCConfigurationList section */
		45F338D91A082CC400606138 /* Build configuration list for PBXProject "MapKit" */ = {
			isa = XCConfigurationList;
			buildConfigurations = (
				45F338FE1A082CC400606138 /* Debug */,
				45F338FF1A082CC400606138 /* Release */,
			);
			defaultConfigurationIsVisible = 0;
			defaultConfigurationName = Release;
		};
		45F339001A082CC400606138 /* Build configuration list for PBXNativeTarget "MapKit" */ = {
			isa = XCConfigurationList;
			buildConfigurations = (
				45F339011A082CC400606138 /* Debug */,
				45F339021A082CC400606138 /* Release */,
			);
			defaultConfigurationIsVisible = 0;
			defaultConfigurationName = Release;
		};
		45F339031A082CC400606138 /* Build configuration list for PBXNativeTarget "MapKitTests" */ = {
			isa = XCConfigurationList;
			buildConfigurations = (
				45F339041A082CC400606138 /* Debug */,
				45F339051A082CC400606138 /* Release */,
			);
			defaultConfigurationIsVisible = 0;
			defaultConfigurationName = Release;
		};
/* End XCConfigurationList section */

/* Begin XCVersionGroup section */
		45F338E51A082CC400606138 /* MapKit.xcdatamodeld */ = {
			isa = XCVersionGroup;
			children = (
				45F338E61A082CC400606138 /* MapKit.xcdatamodel */,
			);
			currentVersion = 45F338E61A082CC400606138 /* MapKit.xcdatamodel */;
			path = MapKit.xcdatamodeld;
			sourceTree = "<group>";
			versionGroupType = wrapper.xcdatamodel;
		};
/* End XCVersionGroup section */
	};
	rootObject = 45F338D61A082CC400606138 /* Project object */;
}
